
Microsoft Visual Studio Solution File, Format Version 12.00
# Visual Studio Version 17
VisualStudioVersion = 17.10.34928.147
MinimumVisualStudioVersion = 10.0.40219.1
Project("{8BC9CEB8-8B4A-11D0-8D11-00A0C91BC942}") = "sniffer++", "sniffer++.vcxproj", "{93D60AE4-00D6-463C-9AC4-BE00CD1A15A2}"
EndProject
Global
	GlobalSection(SolutionConfigurationPlatforms) = preSolution
		Debug|x64 = Debug|x64
		Debug|x86 = Debug|x86
		Release|x64 = Release|x64
		Release|x86 = Release|x86
	EndGlobalSection
	GlobalSection(ProjectConfigurationPlatforms) = postSolution
		{93D60AE4-00D6-463C-9AC4-BE00CD1A15A2}.Debug|x64.ActiveCfg = Debug|x64
		{93D60AE4-00D6-463C-9AC4-BE00CD1A15A2}.Debug|x64.Build.0 = Debug|x64
		{93D60AE4-00D6-463C-9AC4-BE00CD1A15A2}.Debug|x86.ActiveCfg = Debug|Win32
		{93D60AE4-00D6-463C-9AC4-BE00CD1A15A2}.Debug|x86.Build.0 = Debug|Win32
		{93D60AE4-00D6-463C-9AC4-BE00CD1A15A2}.Release|x64.ActiveCfg = Release|x64
		{93D60AE4-00D6-463C-9AC4-BE00CD1A15A2}.Release|x64.Build.0 = Release|x64
		{93D60AE4-00D6-463C-9AC4-BE00CD1A15A2}.Release|x86.ActiveCfg = Release|Win32
		{93D60AE4-00D6-463C-9AC4-BE00CD1A15A2}.Release|x86.Build.0 = Release|Win32
	EndGlobalSection
	GlobalSection(SolutionProperties) = preSolution
		HideSolutionNode = FALSE
	EndGlobalSection
	GlobalSection(ExtensibilityGlobals) = postSolution
		SolutionGuid = {6758CE25-85AE-49DB-AA83-8E7A8870DFD7}
	EndGlobalSection
EndGlobal
